
Microsoft Visual Studio Solution File, Format Version 12.00
# Visual Studio Version 16
VisualStudioVersion = 16.0.31205.134
MinimumVisualStudioVersion = 10.0.40219.1
Project("{9A19103F-16F7-4668-BE54-9A1E7A4F7556}") = "SensorApi", "SensorApi\SensorApi.csproj", "{788B7AC7-C65B-448E-A38A-C64DCB4114D6}"
EndProject
Project("{9A19103F-16F7-4668-BE54-9A1E7A4F7556}") = "SensorApi.Tests", "SensorApi.Tests\SensorApi.Tests.csproj", "{B4B821FF-A202-40BC-BFAE-95CE7B937C6C}"
EndProject
Global
	GlobalSection(SolutionConfigurationPlatforms) = preSolution
		Debug|Any CPU = Debug|Any CPU
		Release|Any CPU = Release|Any CPU
	EndGlobalSection
	GlobalSection(ProjectConfigurationPlatforms) = postSolution
		{788B7AC7-C65B-448E-A38A-C64DCB4114D6}.Debug|Any CPU.ActiveCfg = Debug|Any CPU
		{788B7AC7-C65B-448E-A38A-C64DCB4114D6}.Debug|Any CPU.Build.0 = Debug|Any CPU
		{788B7AC7-C65B-448E-A38A-C64DCB4114D6}.Release|Any CPU.ActiveCfg = Release|Any CPU
		{788B7AC7-C65B-448E-A38A-C64DCB4114D6}.Release|Any CPU.Build.0 = Release|Any CPU
		{B4B821FF-A202-40BC-BFAE-95CE7B937C6C}.Debug|Any CPU.ActiveCfg = Debug|Any CPU
		{B4B821FF-A202-40BC-BFAE-95CE7B937C6C}.Debug|Any CPU.Build.0 = Debug|Any CPU
		{B4B821FF-A202-40BC-BFAE-95CE7B937C6C}.Release|Any CPU.ActiveCfg = Release|Any CPU
		{B4B821FF-A202-40BC-BFAE-95CE7B937C6C}.Release|Any CPU.Build.0 = Release|Any CPU
	EndGlobalSection
	GlobalSection(SolutionProperties) = preSolution
		HideSolutionNode = FALSE
	EndGlobalSection
	GlobalSection(ExtensibilityGlobals) = postSolution
		SolutionGuid = {3D3D535B-8451-4A03-B02A-EC71F3685375}
	EndGlobalSection
EndGlobal
